{
  "name": "ts-demo",
  "version": "1.0.0",
  "lockfileVersion": 1,
  "requires": true,
  "dependencies": {
    "@types/node": {
      "version": "12.12.9",
      "resolved": "https://registry.npmjs.org/@types/node/-/node-12.12.9.tgz",
      "integrity": "sha1-C1rgVRa3V8v/LoLARQAZCu+YbHs="
    }
  }
}
